{
  "name": "discord-snowflake-id",
  "version": "1.0.0",
  "lockfileVersion": 2,
  "requires": true,
  "packages": {
    "": {
      "name": "discord-snowflake-id",
      "version": "1.0.0",
      "license": "ISC",
      "dependencies": {
        "typescript": "^4.9.4"
      },
      "devDependencies": {
        "@types/big.js": "^6.1.6",
        "big.js": "^6.2.1",
        "rollup": "^3.7.5"
      }
    },
    "node_modules/@types/big.js": {
      "version": "6.1.6",
      "resolved": "https://registry.npmjs.org/@types/big.js/-/big.js-6.1.6.tgz",
      "integrity": "sha512-0r9J+Zz9rYm2hOTwiMAVkm3XFQ4u5uTK37xrQMhc9bysn/sf/okzovWMYYIBMFTn/yrEZ11pusgLEaoarTlQbA==",
      "dev": true
    },
    "node_modules/big.js": {
      "version": "6.2.1",
      "resolved": "https://registry.npmjs.org/big.js/-/big.js-6.2.1.tgz",
      "integrity": "sha512-bCtHMwL9LeDIozFn+oNhhFoq+yQ3BNdnsLSASUxLciOb1vgvpHsIO1dsENiGMgbb4SkP5TrzWzRiLddn8ahVOQ==",
      "dev": true,
      "engines": {
        "node": "*"
      },
      "funding": {
        "type": "opencollective",
        "url": "https://opencollective.com/bigjs"
      }
    },
    "node_modules/fsevents": {
      "version": "2.3.2",
      "resolved": "https://registry.npmjs.org/fsevents/-/fsevents-2.3.2.tgz",
      "integrity": "sha512-xiqMQR4xAeHTuB9uWm+fFRcIOgKBMiOBP+eXiyT7jsgVCq1bkVygt00oASowB7EdtpOHaaPgKt812P9ab+DDKA==",
      "dev": true,
      "hasInstallScript": true,
      "optional": true,
      "os": [
        "darwin"
      ],
      "engines": {
        "node": "^8.16.0 || ^10.6.0 || >=11.0.0"
      }
    },
    "node_modules/rollup": {
      "version": "3.7.5",
      "resolved": "https://registry.npmjs.org/rollup/-/rollup-3.7.5.tgz",
      "integrity": "sha512-z0ZbqHBtS/et2EEUKMrAl2CoSdwN7ZPzL17UMiKN9RjjqHShTlv7F9J6ZJZJNREYjBh3TvBrdfjkFDIXFNeuiQ==",
      "dev": true,
      "bin": {
        "rollup": "dist/bin/rollup"
      },
      "engines": {
        "node": ">=14.18.0",
        "npm": ">=8.0.0"
      },
      "optionalDependencies": {
        "fsevents": "~2.3.2"
      }
    },
    "node_modules/typescript": {
      "version": "4.9.4",
      "resolved": "https://registry.npmjs.org/typescript/-/typescript-4.9.4.tgz",
      "integrity": "sha512-Uz+dTXYzxXXbsFpM86Wh3dKCxrQqUcVMxwU54orwlJjOpO3ao8L7j5lH+dWfTwgCwIuM9GQ2kvVotzYJMXTBZg==",
      "bin": {
        "tsc": "bin/tsc",
        "tsserver": "bin/tsserver"
      },
      "engines": {
        "node": ">=4.2.0"
      }
    }
  },
  "dependencies": {
    "@types/big.js": {
      "version": "6.1.6",
      "resolved": "https://registry.npmjs.org/@types/big.js/-/big.js-6.1.6.tgz",
      "integrity": "sha512-0r9J+Zz9rYm2hOTwiMAVkm3XFQ4u5uTK37xrQMhc9bysn/sf/okzovWMYYIBMFTn/yrEZ11pusgLEaoarTlQbA==",
      "dev": true
    },
    "big.js": {
      "version": "6.2.1",
      "resolved": "https://registry.npmjs.org/big.js/-/big.js-6.2.1.tgz",
      "integrity": "sha512-bCtHMwL9LeDIozFn+oNhhFoq+yQ3BNdnsLSASUxLciOb1vgvpHsIO1dsENiGMgbb4SkP5TrzWzRiLddn8ahVOQ==",
      "dev": true
    },
    "fsevents": {
      "version": "2.3.2",
      "resolved": "https://registry.npmjs.org/fsevents/-/fsevents-2.3.2.tgz",
      "integrity": "sha512-xiqMQR4xAeHTuB9uWm+fFRcIOgKBMiOBP+eXiyT7jsgVCq1bkVygt00oASowB7EdtpOHaaPgKt812P9ab+DDKA==",
      "dev": true,
      "optional": true
    },
    "rollup": {
      "version": "3.7.5",
      "resolved": "https://registry.npmjs.org/rollup/-/rollup-3.7.5.tgz",
      "integrity": "sha512-z0ZbqHBtS/et2EEUKMrAl2CoSdwN7ZPzL17UMiKN9RjjqHShTlv7F9J6ZJZJNREYjBh3TvBrdfjkFDIXFNeuiQ==",
      "dev": true,
      "requires": {
        "fsevents": "~2.3.2"
      }
    },
    "typescript": {
      "version": "4.9.4",
      "resolved": "https://registry.npmjs.org/typescript/-/typescript-4.9.4.tgz",
      "integrity": "sha512-Uz+dTXYzxXXbsFpM86Wh3dKCxrQqUcVMxwU54orwlJjOpO3ao8L7j5lH+dWfTwgCwIuM9GQ2kvVotzYJMXTBZg=="
    }
  }
}
